<?xml version="1.0" encoding="utf-8"?>
<Project ToolsVersion="4.0" xmlns="http://schemas.microsoft.com/developer/msbuild/2003">
  <ItemGroup>
    <Filter Include="Header Files">
      <UniqueIdentifier>{076f5ea4-2072-44f1-b3d3-2c77291594d6}</UniqueIdentifier>
    </Filter>
    <Filter Include="Header Files\common">
      <UniqueIdentifier>{04e98f62-1aab-4323-a224-2c08c035df22}</UniqueIdentifier>
    </Filter>
    <Filter Include="Source Files">
      <UniqueIdentifier>{a69562b7-df11-451c-8dda-2505692aa0d2}</UniqueIdentifier>
    </Filter>
    <Filter Include="Source Files\common">
      <UniqueIdentifier>{ecd35e9c-b20d-4eaf-adc3-b693dc5c7948}</UniqueIdentifier>
    </Filter>
    <Filter Include="Header Files\memory">
      <UniqueIdentifier>{7875ac8b-6258-4506-8ac0-a15aa3c21cb6}</UniqueIdentifier>
    </Filter>
    <Filter Include="Source Files\memory">
      <UniqueIdentifier>{d44b2692-aa63-4f2d-90cb-66a2692b82b3}</UniqueIdentifier>
    </Filter>
    <Filter Include="Header Files\utils">
      <UniqueIdentifier>{045f5732-0bf2-4fdc-8330-ac9eb6dc220d}</UniqueIdentifier>
    </Filter>
    <Filter Include="Source Files\utils">
      <UniqueIdentifier>{78b4aa6f-3bdc-4893-8c8e-4af275979521}</UniqueIdentifier>
    </Filter>
    <Filter Include="Testing Files">
      <UniqueIdentifier>{979804e2-9a46-4517-8bed-541f6831c7e3}</UniqueIdentifier>
    </Filter>
  </ItemGroup>
  <ItemGroup>
    <ClInclude Include="GPUArray.h">
      <Filter>Header Files\common</Filter>
    </ClInclude>
    <ClInclude Include="GPUVector.h">
      <Filter>Header Files\common</Filter>
    </ClInclude>
    <ClInclude Include="ExecutionConfiguration.h">
      <Filter>Header Files\common</Filter>
    </ClInclude>
    <ClInclude Include="HOOMDMath.h">
      <Filter>Header Files\common</Filter>
    </ClInclude>
    <ClInclude Include="CachedAllocator.h">
      <Filter>Header Files\memory</Filter>
    </ClInclude>
    <ClInclude Include="MPIConfiguration.h">
      <Filter>Header Files\utils</Filter>
    </ClInclude>
    <ClInclude Include="MemoryTraceback.h">
      <Filter>Header Files\memory</Filter>
    </ClInclude>
    <ClInclude Include="Messenger.h">
      <Filter>Header Files\utils</Filter>
    </ClInclude>
    <ClInclude Include="VectorMath.h">
      <Filter>Header Files\common</Filter>
    </ClInclude>
    <ClInclude Include="ClockSource.h">
      <Filter>Header Files\utils</Filter>
    </ClInclude>
    <ClInclude Include="HOOMDVersion.h">
      <Filter>Header Files\utils</Filter>
    </ClInclude>
    <ClInclude Include="..\test\test_gpu_array.cuh">
      <Filter>Testing Files</Filter>
    </ClInclude>
    <ClInclude Include="GlobalArray.h">
      <Filter>Header Files\common</Filter>
    </ClInclude>
  </ItemGroup>
  <ItemGroup>
    <CudaCompile Include="main.cpp" />
    <CudaCompile Include="..\test\test_gpu_array.cu">
      <Filter>Testing Files</Filter>
    </CudaCompile>
  </ItemGroup>
  <ItemGroup>
    <ClCompile Include="ExecutionConfiguration.cc">
      <Filter>Source Files\common</Filter>
    </ClCompile>
    <ClCompile Include="HOOMDMath.cc">
      <Filter>Source Files\common</Filter>
    </ClCompile>
    <ClCompile Include="MPIConfiguration.cc">
      <Filter>Source Files\utils</Filter>
    </ClCompile>
    <ClCompile Include="MemoryTraceback.cc">
      <Filter>Source Files\memory</Filter>
    </ClCompile>
    <ClCompile Include="Messenger.cc">
      <Filter>Source Files\utils</Filter>
    </ClCompile>
    <ClCompile Include="HOOMDVersion.cc">
      <Filter>Source Files\utils</Filter>
    </ClCompile>
    <ClCompile Include="ClockSource.cc">
      <Filter>Source Files\utils</Filter>
    </ClCompile>
  </ItemGroup>
</Project>